
Microsoft Visual Studio Solution File, Format Version 12.00
# Visual Studio Version 16
VisualStudioVersion = 16.0.32228.343
MinimumVisualStudioVersion = 10.0.40219.1
Project("{FAE04EC0-301F-11D3-BF4B-00C04F79EFBC}") = "KursowaRabota_zad3", "KursowaRabota_zad3\KursowaRabota_zad3.csproj", "{D0005E70-F89F-42D8-B6BE-E9879150B3E6}"
EndProject
Global
	GlobalSection(SolutionConfigurationPlatforms) = preSolution
		Debug|Any CPU = Debug|Any CPU
		Release|Any CPU = Release|Any CPU
	EndGlobalSection
	GlobalSection(ProjectConfigurationPlatforms) = postSolution
		{D0005E70-F89F-42D8-B6BE-E9879150B3E6}.Debug|Any CPU.ActiveCfg = Debug|Any CPU
		{D0005E70-F89F-42D8-B6BE-E9879150B3E6}.Debug|Any CPU.Build.0 = Debug|Any CPU
		{D0005E70-F89F-42D8-B6BE-E9879150B3E6}.Release|Any CPU.ActiveCfg = Release|Any CPU
		{D0005E70-F89F-42D8-B6BE-E9879150B3E6}.Release|Any CPU.Build.0 = Release|Any CPU
	EndGlobalSection
	GlobalSection(SolutionProperties) = preSolution
		HideSolutionNode = FALSE
	EndGlobalSection
	GlobalSection(ExtensibilityGlobals) = postSolution
		SolutionGuid = {ED3B1D5C-F8B5-4A07-BE2D-1ADEED92FFB2}
	EndGlobalSection
EndGlobal
